
Microsoft Visual Studio Solution File, Format Version 12.00
# Visual Studio 15
VisualStudioVersion = 15.0.27703.2035
MinimumVisualStudioVersion = 10.0.40219.1
Project("{9A19103F-16F7-4668-BE54-9A1E7A4F7556}") = "Solid.OCP", "Solid.OCP\Solid.OCP.csproj", "{B1DB01B5-81FA-42A9-8C89-B736B4DBF274}"
EndProject
Project("{2150E333-8FDC-42A3-9474-1A3956D46DE8}") = "Solid.SRP", "Solid.SRP", "{3DDFFA89-5B2A-40E5-A72E-1F8F39A319C7}"
EndProject
Project("{FAE04EC0-301F-11D3-BF4B-00C04F79EFBC}") = "Solid.SRP.Domain", "Solid.SRP.Domain\Solid.SRP.Domain.csproj", "{2F5C08B8-B56E-4A02-B10F-24A4AE1EAE3B}"
EndProject
Project("{FAE04EC0-301F-11D3-BF4B-00C04F79EFBC}") = "Solid.SRP.Infra.Data", "Solid.SRP.Infraestrutura\Solid.SRP.Infra.Data.csproj", "{10D35521-8244-432E-A006-29D7EB4D2413}"
EndProject
Project("{FAE04EC0-301F-11D3-BF4B-00C04F79EFBC}") = "Solid.SRP.Application", "Solid.SRP.Application\Solid.SRP.Application.csproj", "{A584D683-DCE7-4A42-8510-0084C39334C8}"
EndProject
Global
	GlobalSection(SolutionConfigurationPlatforms) = preSolution
		Debug|Any CPU = Debug|Any CPU
		Release|Any CPU = Release|Any CPU
	EndGlobalSection
	GlobalSection(ProjectConfigurationPlatforms) = postSolution
		{B1DB01B5-81FA-42A9-8C89-B736B4DBF274}.Debug|Any CPU.ActiveCfg = Debug|Any CPU
		{B1DB01B5-81FA-42A9-8C89-B736B4DBF274}.Debug|Any CPU.Build.0 = Debug|Any CPU
		{B1DB01B5-81FA-42A9-8C89-B736B4DBF274}.Release|Any CPU.ActiveCfg = Release|Any CPU
		{B1DB01B5-81FA-42A9-8C89-B736B4DBF274}.Release|Any CPU.Build.0 = Release|Any CPU
		{2F5C08B8-B56E-4A02-B10F-24A4AE1EAE3B}.Debug|Any CPU.ActiveCfg = Debug|Any CPU
		{2F5C08B8-B56E-4A02-B10F-24A4AE1EAE3B}.Debug|Any CPU.Build.0 = Debug|Any CPU
		{2F5C08B8-B56E-4A02-B10F-24A4AE1EAE3B}.Release|Any CPU.ActiveCfg = Release|Any CPU
		{2F5C08B8-B56E-4A02-B10F-24A4AE1EAE3B}.Release|Any CPU.Build.0 = Release|Any CPU
		{10D35521-8244-432E-A006-29D7EB4D2413}.Debug|Any CPU.ActiveCfg = Debug|Any CPU
		{10D35521-8244-432E-A006-29D7EB4D2413}.Debug|Any CPU.Build.0 = Debug|Any CPU
		{10D35521-8244-432E-A006-29D7EB4D2413}.Release|Any CPU.ActiveCfg = Release|Any CPU
		{10D35521-8244-432E-A006-29D7EB4D2413}.Release|Any CPU.Build.0 = Release|Any CPU
		{A584D683-DCE7-4A42-8510-0084C39334C8}.Debug|Any CPU.ActiveCfg = Debug|Any CPU
		{A584D683-DCE7-4A42-8510-0084C39334C8}.Debug|Any CPU.Build.0 = Debug|Any CPU
		{A584D683-DCE7-4A42-8510-0084C39334C8}.Release|Any CPU.ActiveCfg = Release|Any CPU
		{A584D683-DCE7-4A42-8510-0084C39334C8}.Release|Any CPU.Build.0 = Release|Any CPU
	EndGlobalSection
	GlobalSection(SolutionProperties) = preSolution
		HideSolutionNode = FALSE
	EndGlobalSection
	GlobalSection(NestedProjects) = preSolution
		{2F5C08B8-B56E-4A02-B10F-24A4AE1EAE3B} = {3DDFFA89-5B2A-40E5-A72E-1F8F39A319C7}
		{10D35521-8244-432E-A006-29D7EB4D2413} = {3DDFFA89-5B2A-40E5-A72E-1F8F39A319C7}
		{A584D683-DCE7-4A42-8510-0084C39334C8} = {3DDFFA89-5B2A-40E5-A72E-1F8F39A319C7}
	EndGlobalSection
	GlobalSection(ExtensibilityGlobals) = postSolution
		SolutionGuid = {04B4FCD2-A754-4775-A20D-9C45C583B977}
	EndGlobalSection
EndGlobal
